
Microsoft Visual Studio Solution File, Format Version 12.00
# Visual Studio Version 17
VisualStudioVersion = 17.7.34024.191
MinimumVisualStudioVersion = 10.0.40219.1
Project("{FAE04EC0-301F-11D3-BF4B-00C04F79EFBC}") = "Seminar 3 Exercise 3", "Seminar 3 Exercise 3.csproj", "{9AC33A2F-9A10-49C8-982F-4D8345E92BF1}"
EndProject
Global
	GlobalSection(SolutionConfigurationPlatforms) = preSolution
		Debug|Any CPU = Debug|Any CPU
		Release|Any CPU = Release|Any CPU
	EndGlobalSection
	GlobalSection(ProjectConfigurationPlatforms) = postSolution
		{9AC33A2F-9A10-49C8-982F-4D8345E92BF1}.Debug|Any CPU.ActiveCfg = Debug|Any CPU
		{9AC33A2F-9A10-49C8-982F-4D8345E92BF1}.Debug|Any CPU.Build.0 = Debug|Any CPU
		{9AC33A2F-9A10-49C8-982F-4D8345E92BF1}.Release|Any CPU.ActiveCfg = Release|Any CPU
		{9AC33A2F-9A10-49C8-982F-4D8345E92BF1}.Release|Any CPU.Build.0 = Release|Any CPU
	EndGlobalSection
	GlobalSection(SolutionProperties) = preSolution
		HideSolutionNode = FALSE
	EndGlobalSection
	GlobalSection(ExtensibilityGlobals) = postSolution
		SolutionGuid = {B007CEC2-38D9-4B0B-A7F4-1BBF6EF9887C}
	EndGlobalSection
EndGlobal
